
Microsoft Visual Studio Solution File, Format Version 12.00
# Visual Studio Version 16
VisualStudioVersion = 16.0.30114.105
MinimumVisualStudioVersion = 10.0.40219.1
Project("{FAE04EC0-301F-11D3-BF4B-00C04F79EFBC}") = "BookingApi", "BookingApi\BookingApi.csproj", "{787E7F33-B2C8-4B29-B917-01010EDE782F}"
EndProject
Project("{FAE04EC0-301F-11D3-BF4B-00C04F79EFBC}") = "Data", "Data\Data.csproj", "{8C226661-B24C-44F7-A421-EB6679F6AE83}"
EndProject
Project("{FAE04EC0-301F-11D3-BF4B-00C04F79EFBC}") = "Model", "Model\Model.csproj", "{DBE3D7B7-EDC3-4F0F-97A7-5A65CC8AE887}"
EndProject
Project("{FAE04EC0-301F-11D3-BF4B-00C04F79EFBC}") = "BookingApi.UnitTests", "BookingApi.UnitTests\BookingApi.UnitTests.csproj", "{93B5CDAE-2AC5-43E0-9D70-4A1C63C398C6}"
EndProject
Project("{2150E333-8FDC-42A3-9474-1A3956D46DE8}") = "src", "src", "{76C804CE-7E3D-4DB8-81B2-4F5833858128}"
EndProject
Project("{FAE04EC0-301F-11D3-BF4B-00C04F79EFBC}") = "Core", "src\Core\Core.csproj", "{0CFC44A5-404A-4240-BA49-00D176C4F6D5}"
EndProject
Project("{FAE04EC0-301F-11D3-BF4B-00C04F79EFBC}") = "Data", "src\Data\Data.csproj", "{3B72914F-4231-4EE9-8836-639CF0266A28}"
EndProject
Project("{2150E333-8FDC-42A3-9474-1A3956D46DE8}") = "test", "test", "{B1E8AD06-42E6-4241-9C96-8DFBBC37FD60}"
EndProject
Project("{FAE04EC0-301F-11D3-BF4B-00C04F79EFBC}") = "Core.Tests", "test\Core.Tests\Core.Tests.csproj", "{64D0556E-C085-4FFE-9914-B4882D547D15}"
EndProject
Global
	GlobalSection(SolutionConfigurationPlatforms) = preSolution
		Debug|Any CPU = Debug|Any CPU
		Release|Any CPU = Release|Any CPU
	EndGlobalSection
	GlobalSection(SolutionProperties) = preSolution
		HideSolutionNode = FALSE
	EndGlobalSection
	GlobalSection(ProjectConfigurationPlatforms) = postSolution
		{787E7F33-B2C8-4B29-B917-01010EDE782F}.Debug|Any CPU.ActiveCfg = Debug|Any CPU
		{787E7F33-B2C8-4B29-B917-01010EDE782F}.Debug|Any CPU.Build.0 = Debug|Any CPU
		{787E7F33-B2C8-4B29-B917-01010EDE782F}.Release|Any CPU.ActiveCfg = Release|Any CPU
		{787E7F33-B2C8-4B29-B917-01010EDE782F}.Release|Any CPU.Build.0 = Release|Any CPU
		{8C226661-B24C-44F7-A421-EB6679F6AE83}.Debug|Any CPU.ActiveCfg = Debug|Any CPU
		{8C226661-B24C-44F7-A421-EB6679F6AE83}.Debug|Any CPU.Build.0 = Debug|Any CPU
		{8C226661-B24C-44F7-A421-EB6679F6AE83}.Release|Any CPU.ActiveCfg = Release|Any CPU
		{8C226661-B24C-44F7-A421-EB6679F6AE83}.Release|Any CPU.Build.0 = Release|Any CPU
		{DBE3D7B7-EDC3-4F0F-97A7-5A65CC8AE887}.Debug|Any CPU.ActiveCfg = Debug|Any CPU
		{DBE3D7B7-EDC3-4F0F-97A7-5A65CC8AE887}.Debug|Any CPU.Build.0 = Debug|Any CPU
		{DBE3D7B7-EDC3-4F0F-97A7-5A65CC8AE887}.Release|Any CPU.ActiveCfg = Release|Any CPU
		{DBE3D7B7-EDC3-4F0F-97A7-5A65CC8AE887}.Release|Any CPU.Build.0 = Release|Any CPU
		{93B5CDAE-2AC5-43E0-9D70-4A1C63C398C6}.Debug|Any CPU.ActiveCfg = Debug|Any CPU
		{93B5CDAE-2AC5-43E0-9D70-4A1C63C398C6}.Debug|Any CPU.Build.0 = Debug|Any CPU
		{93B5CDAE-2AC5-43E0-9D70-4A1C63C398C6}.Release|Any CPU.ActiveCfg = Release|Any CPU
		{93B5CDAE-2AC5-43E0-9D70-4A1C63C398C6}.Release|Any CPU.Build.0 = Release|Any CPU
		{0CFC44A5-404A-4240-BA49-00D176C4F6D5}.Debug|Any CPU.ActiveCfg = Debug|Any CPU
		{0CFC44A5-404A-4240-BA49-00D176C4F6D5}.Debug|Any CPU.Build.0 = Debug|Any CPU
		{0CFC44A5-404A-4240-BA49-00D176C4F6D5}.Release|Any CPU.ActiveCfg = Release|Any CPU
		{0CFC44A5-404A-4240-BA49-00D176C4F6D5}.Release|Any CPU.Build.0 = Release|Any CPU
		{3B72914F-4231-4EE9-8836-639CF0266A28}.Debug|Any CPU.ActiveCfg = Debug|Any CPU
		{3B72914F-4231-4EE9-8836-639CF0266A28}.Debug|Any CPU.Build.0 = Debug|Any CPU
		{3B72914F-4231-4EE9-8836-639CF0266A28}.Release|Any CPU.ActiveCfg = Release|Any CPU
		{3B72914F-4231-4EE9-8836-639CF0266A28}.Release|Any CPU.Build.0 = Release|Any CPU
		{64D0556E-C085-4FFE-9914-B4882D547D15}.Debug|Any CPU.ActiveCfg = Debug|Any CPU
		{64D0556E-C085-4FFE-9914-B4882D547D15}.Debug|Any CPU.Build.0 = Debug|Any CPU
		{64D0556E-C085-4FFE-9914-B4882D547D15}.Release|Any CPU.ActiveCfg = Release|Any CPU
		{64D0556E-C085-4FFE-9914-B4882D547D15}.Release|Any CPU.Build.0 = Release|Any CPU
	EndGlobalSection
	GlobalSection(NestedProjects) = preSolution
		{0CFC44A5-404A-4240-BA49-00D176C4F6D5} = {76C804CE-7E3D-4DB8-81B2-4F5833858128}
		{3B72914F-4231-4EE9-8836-639CF0266A28} = {76C804CE-7E3D-4DB8-81B2-4F5833858128}
		{64D0556E-C085-4FFE-9914-B4882D547D15} = {B1E8AD06-42E6-4241-9C96-8DFBBC37FD60}
	EndGlobalSection
EndGlobal
