
Microsoft Visual Studio Solution File, Format Version 12.00
# Visual Studio Version 16
VisualStudioVersion = 16.0.30114.105
MinimumVisualStudioVersion = 10.0.40219.1
Project("{2150E333-8FDC-42A3-9474-1A3956D46DE8}") = "src", "src", "{76C804CE-7E3D-4DB8-81B2-4F5833858128}"
EndProject
Project("{FAE04EC0-301F-11D3-BF4B-00C04F79EFBC}") = "Core", "src\Core\Core.csproj", "{0CFC44A5-404A-4240-BA49-00D176C4F6D5}"
EndProject
Project("{FAE04EC0-301F-11D3-BF4B-00C04F79EFBC}") = "Data", "src\Data\Data.csproj", "{3B72914F-4231-4EE9-8836-639CF0266A28}"
EndProject
Project("{2150E333-8FDC-42A3-9474-1A3956D46DE8}") = "test", "test", "{B1E8AD06-42E6-4241-9C96-8DFBBC37FD60}"
EndProject
Project("{FAE04EC0-301F-11D3-BF4B-00C04F79EFBC}") = "Core.Tests", "test\Core.Tests\Core.Tests.csproj", "{64D0556E-C085-4FFE-9914-B4882D547D15}"
EndProject
Project("{FAE04EC0-301F-11D3-BF4B-00C04F79EFBC}") = "WebApi", "src\WebApi\WebApi.csproj", "{4E161641-6AFD-4B09-813F-7330E3EFD226}"
EndProject
Project("{FAE04EC0-301F-11D3-BF4B-00C04F79EFBC}") = "WebApi.Tests", "test\WebApi.Tests\WebApi.Tests.csproj", "{AE39958C-0198-4C1C-A276-39E68BDB45A9}"
EndProject
Project("{2150E333-8FDC-42A3-9474-1A3956D46DE8}") = "ports", "ports", "{8D33B869-F277-4BC5-A50F-C6DA51DC5949}"
EndProject
Project("{2150E333-8FDC-42A3-9474-1A3956D46DE8}") = "adapters", "adapters", "{8823F74E-EF04-42C9-A2F0-B23620375A74}"
EndProject
Project("{FAE04EC0-301F-11D3-BF4B-00C04F79EFBC}") = "Architecture.Ports", "src\Architecture.Ports\Architecture.Ports.csproj", "{BC5077B2-3A1F-4D84-996C-86C9C1D90A7D}"
EndProject
Project("{FAE04EC0-301F-11D3-BF4B-00C04F79EFBC}") = "Architecture.Project", "src\Architecture.Project\Architecture.Project.csproj", "{F2564FA6-0222-4034-B43B-D6CD24533114}"
EndProject
Project("{FAE04EC0-301F-11D3-BF4B-00C04F79EFBC}") = "Architecture.Project.Tests", "test\Architecture.Project.Tests\Architecture.Project.Tests.csproj", "{60E2C44F-B084-41F3-AC0D-278C7943DB6B}"
EndProject
Project("{FAE04EC0-301F-11D3-BF4B-00C04F79EFBC}") = "AppHost", "src\AppHost\AppHost.csproj", "{AE70D4AF-BB93-4DAE-9700-750A46273A6C}"
EndProject
Global
	GlobalSection(SolutionConfigurationPlatforms) = preSolution
		Debug|Any CPU = Debug|Any CPU
		Release|Any CPU = Release|Any CPU
	EndGlobalSection
	GlobalSection(SolutionProperties) = preSolution
		HideSolutionNode = FALSE
	EndGlobalSection
	GlobalSection(ProjectConfigurationPlatforms) = postSolution
		{0CFC44A5-404A-4240-BA49-00D176C4F6D5}.Debug|Any CPU.ActiveCfg = Debug|Any CPU
		{0CFC44A5-404A-4240-BA49-00D176C4F6D5}.Debug|Any CPU.Build.0 = Debug|Any CPU
		{0CFC44A5-404A-4240-BA49-00D176C4F6D5}.Release|Any CPU.ActiveCfg = Release|Any CPU
		{0CFC44A5-404A-4240-BA49-00D176C4F6D5}.Release|Any CPU.Build.0 = Release|Any CPU
		{3B72914F-4231-4EE9-8836-639CF0266A28}.Debug|Any CPU.ActiveCfg = Debug|Any CPU
		{3B72914F-4231-4EE9-8836-639CF0266A28}.Debug|Any CPU.Build.0 = Debug|Any CPU
		{3B72914F-4231-4EE9-8836-639CF0266A28}.Release|Any CPU.ActiveCfg = Release|Any CPU
		{3B72914F-4231-4EE9-8836-639CF0266A28}.Release|Any CPU.Build.0 = Release|Any CPU
		{64D0556E-C085-4FFE-9914-B4882D547D15}.Debug|Any CPU.ActiveCfg = Debug|Any CPU
		{64D0556E-C085-4FFE-9914-B4882D547D15}.Debug|Any CPU.Build.0 = Debug|Any CPU
		{64D0556E-C085-4FFE-9914-B4882D547D15}.Release|Any CPU.ActiveCfg = Release|Any CPU
		{64D0556E-C085-4FFE-9914-B4882D547D15}.Release|Any CPU.Build.0 = Release|Any CPU
		{4E161641-6AFD-4B09-813F-7330E3EFD226}.Debug|Any CPU.ActiveCfg = Debug|Any CPU
		{4E161641-6AFD-4B09-813F-7330E3EFD226}.Debug|Any CPU.Build.0 = Debug|Any CPU
		{4E161641-6AFD-4B09-813F-7330E3EFD226}.Release|Any CPU.ActiveCfg = Release|Any CPU
		{4E161641-6AFD-4B09-813F-7330E3EFD226}.Release|Any CPU.Build.0 = Release|Any CPU
		{AE39958C-0198-4C1C-A276-39E68BDB45A9}.Debug|Any CPU.ActiveCfg = Debug|Any CPU
		{AE39958C-0198-4C1C-A276-39E68BDB45A9}.Debug|Any CPU.Build.0 = Debug|Any CPU
		{AE39958C-0198-4C1C-A276-39E68BDB45A9}.Release|Any CPU.ActiveCfg = Release|Any CPU
		{AE39958C-0198-4C1C-A276-39E68BDB45A9}.Release|Any CPU.Build.0 = Release|Any CPU
		{BC5077B2-3A1F-4D84-996C-86C9C1D90A7D}.Debug|Any CPU.ActiveCfg = Debug|Any CPU
		{BC5077B2-3A1F-4D84-996C-86C9C1D90A7D}.Debug|Any CPU.Build.0 = Debug|Any CPU
		{BC5077B2-3A1F-4D84-996C-86C9C1D90A7D}.Release|Any CPU.ActiveCfg = Release|Any CPU
		{BC5077B2-3A1F-4D84-996C-86C9C1D90A7D}.Release|Any CPU.Build.0 = Release|Any CPU
		{F2564FA6-0222-4034-B43B-D6CD24533114}.Debug|Any CPU.ActiveCfg = Debug|Any CPU
		{F2564FA6-0222-4034-B43B-D6CD24533114}.Debug|Any CPU.Build.0 = Debug|Any CPU
		{F2564FA6-0222-4034-B43B-D6CD24533114}.Release|Any CPU.ActiveCfg = Release|Any CPU
		{F2564FA6-0222-4034-B43B-D6CD24533114}.Release|Any CPU.Build.0 = Release|Any CPU
		{60E2C44F-B084-41F3-AC0D-278C7943DB6B}.Debug|Any CPU.ActiveCfg = Debug|Any CPU
		{60E2C44F-B084-41F3-AC0D-278C7943DB6B}.Debug|Any CPU.Build.0 = Debug|Any CPU
		{60E2C44F-B084-41F3-AC0D-278C7943DB6B}.Release|Any CPU.ActiveCfg = Release|Any CPU
		{60E2C44F-B084-41F3-AC0D-278C7943DB6B}.Release|Any CPU.Build.0 = Release|Any CPU
		{AE70D4AF-BB93-4DAE-9700-750A46273A6C}.Debug|Any CPU.ActiveCfg = Debug|Any CPU
		{AE70D4AF-BB93-4DAE-9700-750A46273A6C}.Debug|Any CPU.Build.0 = Debug|Any CPU
		{AE70D4AF-BB93-4DAE-9700-750A46273A6C}.Release|Any CPU.ActiveCfg = Release|Any CPU
		{AE70D4AF-BB93-4DAE-9700-750A46273A6C}.Release|Any CPU.Build.0 = Release|Any CPU
	EndGlobalSection
	GlobalSection(NestedProjects) = preSolution
		{0CFC44A5-404A-4240-BA49-00D176C4F6D5} = {76C804CE-7E3D-4DB8-81B2-4F5833858128}
		{64D0556E-C085-4FFE-9914-B4882D547D15} = {B1E8AD06-42E6-4241-9C96-8DFBBC37FD60}
		{AE39958C-0198-4C1C-A276-39E68BDB45A9} = {B1E8AD06-42E6-4241-9C96-8DFBBC37FD60}
		{8D33B869-F277-4BC5-A50F-C6DA51DC5949} = {76C804CE-7E3D-4DB8-81B2-4F5833858128}
		{8823F74E-EF04-42C9-A2F0-B23620375A74} = {76C804CE-7E3D-4DB8-81B2-4F5833858128}
		{3B72914F-4231-4EE9-8836-639CF0266A28} = {8823F74E-EF04-42C9-A2F0-B23620375A74}
		{4E161641-6AFD-4B09-813F-7330E3EFD226} = {8D33B869-F277-4BC5-A50F-C6DA51DC5949}
		{BC5077B2-3A1F-4D84-996C-86C9C1D90A7D} = {76C804CE-7E3D-4DB8-81B2-4F5833858128}
		{F2564FA6-0222-4034-B43B-D6CD24533114} = {76C804CE-7E3D-4DB8-81B2-4F5833858128}
		{60E2C44F-B084-41F3-AC0D-278C7943DB6B} = {B1E8AD06-42E6-4241-9C96-8DFBBC37FD60}
		{AE70D4AF-BB93-4DAE-9700-750A46273A6C} = {8D33B869-F277-4BC5-A50F-C6DA51DC5949}
	EndGlobalSection
EndGlobal
